
Microsoft Visual Studio Solution File, Format Version 12.00
# Visual Studio Version 16
VisualStudioVersion = 16.0.34301.259
MinimumVisualStudioVersion = 10.0.40219.1
Project("{8BC9CEB8-8B4A-11D0-8D11-00A0C91BC942}") = "Vjezba9", "Vjezba9\Vjezba9.vcxproj", "{0CADD6C2-38A9-4B34-9ED1-9679EF2C5BFF}"
EndProject
Global
	GlobalSection(SolutionConfigurationPlatforms) = preSolution
		Debug|x64 = Debug|x64
		Debug|x86 = Debug|x86
		Release|x64 = Release|x64
		Release|x86 = Release|x86
	EndGlobalSection
	GlobalSection(ProjectConfigurationPlatforms) = postSolution
		{0CADD6C2-38A9-4B34-9ED1-9679EF2C5BFF}.Debug|x64.ActiveCfg = Debug|x64
		{0CADD6C2-38A9-4B34-9ED1-9679EF2C5BFF}.Debug|x64.Build.0 = Debug|x64
		{0CADD6C2-38A9-4B34-9ED1-9679EF2C5BFF}.Debug|x86.ActiveCfg = Debug|Win32
		{0CADD6C2-38A9-4B34-9ED1-9679EF2C5BFF}.Debug|x86.Build.0 = Debug|Win32
		{0CADD6C2-38A9-4B34-9ED1-9679EF2C5BFF}.Release|x64.ActiveCfg = Release|x64
		{0CADD6C2-38A9-4B34-9ED1-9679EF2C5BFF}.Release|x64.Build.0 = Release|x64
		{0CADD6C2-38A9-4B34-9ED1-9679EF2C5BFF}.Release|x86.ActiveCfg = Release|Win32
		{0CADD6C2-38A9-4B34-9ED1-9679EF2C5BFF}.Release|x86.Build.0 = Release|Win32
	EndGlobalSection
	GlobalSection(SolutionProperties) = preSolution
		HideSolutionNode = FALSE
	EndGlobalSection
	GlobalSection(ExtensibilityGlobals) = postSolution
		SolutionGuid = {3BD7ADAD-4492-4BA3-875D-BF589A62E943}
	EndGlobalSection
EndGlobal
